dependencies:
- name: nexus-repository-manager
  repository: https://sonatype.github.io/helm3-charts/
  version: 61.0.2
- name: oauth2-proxy
  repository: https://oauth2-proxy.github.io/manifests/
  version: 6.16.1
digest: sha256:8ddaaad030481574d7e6a3b4005b6a6f724f68bf1fc4d5296fd8447fc2d0f948
generated: "2024-02-05T19:38:38.456117+02:00"
